
Microsoft Visual Studio Solution File, Format Version 12.00
# Visual Studio Version 17
VisualStudioVersion = 17.0.31903.59
MinimumVisualStudioVersion = 10.0.40219.1
Project("{2150E333-8FDC-42A3-9474-1A3956D46DE8}") = "Lab5-FactoryPattern", "Lab5-FactoryPattern", "{650C7C5F-F9E4-4F04-96F5-0E4A699B175E}"
EndProject
Project("{FAE04EC0-301F-11D3-BF4B-00C04F79EFBC}") = "lab5", "Lab5-FactoryPattern\Lab5-Basics\lab5.csproj", "{91DFA165-1BB0-4B4F-88AE-A4F8CB038BBD}"
EndProject
Project("{2150E333-8FDC-42A3-9474-1A3956D46DE8}") = "IceCreamStand", "IceCreamStand", "{2F993F80-729C-4E9B-AB16-289B8C1056EC}"
EndProject
Project("{FAE04EC0-301F-11D3-BF4B-00C04F79EFBC}") = "IceCreamStand", "Lab5-FactoryPattern\IceCreamStand\IceCreamStand\IceCreamStand.csproj", "{EC2788BD-13DF-4A80-A707-A820F3879B08}"
EndProject
Project("{2150E333-8FDC-42A3-9474-1A3956D46DE8}") = "Lab2-Polymorphism", "Lab2-Polymorphism", "{083B90E7-733E-4DB1-BCD8-E24A3D4A04F9}"
EndProject
Project("{FAE04EC0-301F-11D3-BF4B-00C04F79EFBC}") = "MedievalCastle", "Lab2-Polymorphism\MedievalCastle-System\MedievalCastle.csproj", "{2041C78B-6BEF-4364-A04D-049C8F419C79}"
EndProject
Project("{FAE04EC0-301F-11D3-BF4B-00C04F79EFBC}") = "Laboratorium2", "Lab2-Polymorphism\Lab2-Basics\Laboratorium2.csproj", "{EF0B4913-E7FC-4509-B152-5D052D951C7C}"
EndProject
Project("{2150E333-8FDC-42A3-9474-1A3956D46DE8}") = "Lab7-CommandAndAdapter", "Lab7-CommandAndAdapter", "{E3763C39-438D-4278-A9C1-2DA4CB7BF3BE}"
EndProject
Project("{FAE04EC0-301F-11D3-BF4B-00C04F79EFBC}") = "Lab7_command", "Lab7-CommandAndAdapter\Lab7-Basics\Lab7_command.csproj", "{62764C21-A753-4007-94B9-2A59B953C50C}"
EndProject
Project("{2150E333-8FDC-42A3-9474-1A3956D46DE8}") = "TouristTrip-System", "TouristTrip-System", "{7B2DAA54-718F-4E4B-AE50-F38C5840960F}"
EndProject
Project("{FAE04EC0-301F-11D3-BF4B-00C04F79EFBC}") = "TouristTrip", "Lab7-CommandAndAdapter\TouristTrip-System\TouristTrip\TouristTrip.csproj", "{D5C7111B-6250-4F3E-82A7-5911EF40204C}"
EndProject
Project("{2150E333-8FDC-42A3-9474-1A3956D46DE8}") = "Lab6-StateAndStrategy", "Lab6-StateAndStrategy", "{D540F577-4E98-4805-AA1A-2E58C4D38792}"
EndProject
Project("{2150E333-8FDC-42A3-9474-1A3956D46DE8}") = "WaterLifecycle-System", "WaterLifecycle-System", "{BAE4876F-ACFF-4666-92E1-A1E071D5591F}"
EndProject
Project("{FAE04EC0-301F-11D3-BF4B-00C04F79EFBC}") = "WaterDropLifeCycle", "Lab6-StateAndStrategy\WaterLifecycle-System\WaterDropLifeCycle\WaterDropLifeCycle.csproj", "{9036A035-A5CC-430B-89E4-1597D0EFFE8C}"
EndProject
Project("{2150E333-8FDC-42A3-9474-1A3956D46DE8}") = "Lab6-Basics", "Lab6-Basics", "{4837C267-2D42-48D0-8DB3-672D3F89F2F1}"
EndProject
Project("{FAE04EC0-301F-11D3-BF4B-00C04F79EFBC}") = "Lab6_task1", "Lab6-StateAndStrategy\Lab6-Basics\Lab6_task1\Lab6_task1.csproj", "{562B43E9-23BF-4705-9B9C-529E15898D13}"
EndProject
Project("{2150E333-8FDC-42A3-9474-1A3956D46DE8}") = "Lab6_task2", "Lab6_task2", "{9C34AD45-0218-4DB4-B239-A9D677644037}"
EndProject
Project("{FAE04EC0-301F-11D3-BF4B-00C04F79EFBC}") = "Lab6_task2", "Lab6-StateAndStrategy\Lab6-Basics\Lab6_task2\Lab6_task2\Lab6_task2.csproj", "{2DC9F52E-10AE-4157-8B39-C410AC721220}"
EndProject
Project("{2150E333-8FDC-42A3-9474-1A3956D46DE8}") = "Lab3-Submarine", "Lab3-Submarine", "{A092C86E-44C1-45D1-B0AF-D4D763ED7EDF}"
EndProject
Project("{FAE04EC0-301F-11D3-BF4B-00C04F79EFBC}") = "Submarine", "Lab3-Submarine\Submarine\Submarine.csproj", "{003D6563-3688-483A-9551-A5A1526E2633}"
EndProject
Project("{2150E333-8FDC-42A3-9474-1A3956D46DE8}") = "Lab1-Inheritance", "Lab1-Inheritance", "{91FE65D8-A58C-4EFB-AF50-7822AB009F61}"
EndProject
Project("{FAE04EC0-301F-11D3-BF4B-00C04F79EFBC}") = "zadanie1", "Lab1-Inheritance\Lab1-Basics\zadanie1.csproj", "{60EEA647-AF1A-4080-BADC-65086A332E69}"
EndProject
Project("{2150E333-8FDC-42A3-9474-1A3956D46DE8}") = "WorldTour-System", "WorldTour-System", "{B628768B-4205-4769-99EF-96BAAFEFCBB7}"
EndProject
Project("{FAE04EC0-301F-11D3-BF4B-00C04F79EFBC}") = "WorldTour", "Lab1-Inheritance\WorldTour-System\WorldTour\WorldTour.csproj", "{13ABB68B-C3B4-40E2-9350-BC202F4F2729}"
EndProject
Global
	GlobalSection(SolutionConfigurationPlatforms) = preSolution
		Debug|Any CPU = Debug|Any CPU
		Release|Any CPU = Release|Any CPU
	EndGlobalSection
	GlobalSection(SolutionProperties) = preSolution
		HideSolutionNode = FALSE
	EndGlobalSection
	GlobalSection(ProjectConfigurationPlatforms) = postSolution
		{91DFA165-1BB0-4B4F-88AE-A4F8CB038BBD}.Debug|Any CPU.ActiveCfg = Debug|Any CPU
		{91DFA165-1BB0-4B4F-88AE-A4F8CB038BBD}.Debug|Any CPU.Build.0 = Debug|Any CPU
		{91DFA165-1BB0-4B4F-88AE-A4F8CB038BBD}.Release|Any CPU.ActiveCfg = Release|Any CPU
		{91DFA165-1BB0-4B4F-88AE-A4F8CB038BBD}.Release|Any CPU.Build.0 = Release|Any CPU
		{EC2788BD-13DF-4A80-A707-A820F3879B08}.Debug|Any CPU.ActiveCfg = Debug|Any CPU
		{EC2788BD-13DF-4A80-A707-A820F3879B08}.Debug|Any CPU.Build.0 = Debug|Any CPU
		{EC2788BD-13DF-4A80-A707-A820F3879B08}.Release|Any CPU.ActiveCfg = Release|Any CPU
		{EC2788BD-13DF-4A80-A707-A820F3879B08}.Release|Any CPU.Build.0 = Release|Any CPU
		{2041C78B-6BEF-4364-A04D-049C8F419C79}.Debug|Any CPU.ActiveCfg = Debug|Any CPU
		{2041C78B-6BEF-4364-A04D-049C8F419C79}.Debug|Any CPU.Build.0 = Debug|Any CPU
		{2041C78B-6BEF-4364-A04D-049C8F419C79}.Release|Any CPU.ActiveCfg = Release|Any CPU
		{2041C78B-6BEF-4364-A04D-049C8F419C79}.Release|Any CPU.Build.0 = Release|Any CPU
		{EF0B4913-E7FC-4509-B152-5D052D951C7C}.Debug|Any CPU.ActiveCfg = Debug|Any CPU
		{EF0B4913-E7FC-4509-B152-5D052D951C7C}.Debug|Any CPU.Build.0 = Debug|Any CPU
		{EF0B4913-E7FC-4509-B152-5D052D951C7C}.Release|Any CPU.ActiveCfg = Release|Any CPU
		{EF0B4913-E7FC-4509-B152-5D052D951C7C}.Release|Any CPU.Build.0 = Release|Any CPU
		{62764C21-A753-4007-94B9-2A59B953C50C}.Debug|Any CPU.ActiveCfg = Debug|Any CPU
		{62764C21-A753-4007-94B9-2A59B953C50C}.Debug|Any CPU.Build.0 = Debug|Any CPU
		{62764C21-A753-4007-94B9-2A59B953C50C}.Release|Any CPU.ActiveCfg = Release|Any CPU
		{62764C21-A753-4007-94B9-2A59B953C50C}.Release|Any CPU.Build.0 = Release|Any CPU
		{D5C7111B-6250-4F3E-82A7-5911EF40204C}.Debug|Any CPU.ActiveCfg = Debug|Any CPU
		{D5C7111B-6250-4F3E-82A7-5911EF40204C}.Debug|Any CPU.Build.0 = Debug|Any CPU
		{D5C7111B-6250-4F3E-82A7-5911EF40204C}.Release|Any CPU.ActiveCfg = Release|Any CPU
		{D5C7111B-6250-4F3E-82A7-5911EF40204C}.Release|Any CPU.Build.0 = Release|Any CPU
		{9036A035-A5CC-430B-89E4-1597D0EFFE8C}.Debug|Any CPU.ActiveCfg = Debug|Any CPU
		{9036A035-A5CC-430B-89E4-1597D0EFFE8C}.Debug|Any CPU.Build.0 = Debug|Any CPU
		{9036A035-A5CC-430B-89E4-1597D0EFFE8C}.Release|Any CPU.ActiveCfg = Release|Any CPU
		{9036A035-A5CC-430B-89E4-1597D0EFFE8C}.Release|Any CPU.Build.0 = Release|Any CPU
		{562B43E9-23BF-4705-9B9C-529E15898D13}.Debug|Any CPU.ActiveCfg = Debug|Any CPU
		{562B43E9-23BF-4705-9B9C-529E15898D13}.Debug|Any CPU.Build.0 = Debug|Any CPU
		{562B43E9-23BF-4705-9B9C-529E15898D13}.Release|Any CPU.ActiveCfg = Release|Any CPU
		{562B43E9-23BF-4705-9B9C-529E15898D13}.Release|Any CPU.Build.0 = Release|Any CPU
		{2DC9F52E-10AE-4157-8B39-C410AC721220}.Debug|Any CPU.ActiveCfg = Debug|Any CPU
		{2DC9F52E-10AE-4157-8B39-C410AC721220}.Debug|Any CPU.Build.0 = Debug|Any CPU
		{2DC9F52E-10AE-4157-8B39-C410AC721220}.Release|Any CPU.ActiveCfg = Release|Any CPU
		{2DC9F52E-10AE-4157-8B39-C410AC721220}.Release|Any CPU.Build.0 = Release|Any CPU
		{003D6563-3688-483A-9551-A5A1526E2633}.Debug|Any CPU.ActiveCfg = Debug|Any CPU
		{003D6563-3688-483A-9551-A5A1526E2633}.Debug|Any CPU.Build.0 = Debug|Any CPU
		{003D6563-3688-483A-9551-A5A1526E2633}.Release|Any CPU.ActiveCfg = Release|Any CPU
		{003D6563-3688-483A-9551-A5A1526E2633}.Release|Any CPU.Build.0 = Release|Any CPU
		{60EEA647-AF1A-4080-BADC-65086A332E69}.Debug|Any CPU.ActiveCfg = Debug|Any CPU
		{60EEA647-AF1A-4080-BADC-65086A332E69}.Debug|Any CPU.Build.0 = Debug|Any CPU
		{60EEA647-AF1A-4080-BADC-65086A332E69}.Release|Any CPU.ActiveCfg = Release|Any CPU
		{60EEA647-AF1A-4080-BADC-65086A332E69}.Release|Any CPU.Build.0 = Release|Any CPU
		{13ABB68B-C3B4-40E2-9350-BC202F4F2729}.Debug|Any CPU.ActiveCfg = Debug|Any CPU
		{13ABB68B-C3B4-40E2-9350-BC202F4F2729}.Debug|Any CPU.Build.0 = Debug|Any CPU
		{13ABB68B-C3B4-40E2-9350-BC202F4F2729}.Release|Any CPU.ActiveCfg = Release|Any CPU
		{13ABB68B-C3B4-40E2-9350-BC202F4F2729}.Release|Any CPU.Build.0 = Release|Any CPU
	EndGlobalSection
	GlobalSection(NestedProjects) = preSolution
		{91DFA165-1BB0-4B4F-88AE-A4F8CB038BBD} = {650C7C5F-F9E4-4F04-96F5-0E4A699B175E}
		{2F993F80-729C-4E9B-AB16-289B8C1056EC} = {650C7C5F-F9E4-4F04-96F5-0E4A699B175E}
		{EC2788BD-13DF-4A80-A707-A820F3879B08} = {2F993F80-729C-4E9B-AB16-289B8C1056EC}
		{2041C78B-6BEF-4364-A04D-049C8F419C79} = {083B90E7-733E-4DB1-BCD8-E24A3D4A04F9}
		{EF0B4913-E7FC-4509-B152-5D052D951C7C} = {083B90E7-733E-4DB1-BCD8-E24A3D4A04F9}
		{62764C21-A753-4007-94B9-2A59B953C50C} = {E3763C39-438D-4278-A9C1-2DA4CB7BF3BE}
		{7B2DAA54-718F-4E4B-AE50-F38C5840960F} = {E3763C39-438D-4278-A9C1-2DA4CB7BF3BE}
		{D5C7111B-6250-4F3E-82A7-5911EF40204C} = {7B2DAA54-718F-4E4B-AE50-F38C5840960F}
		{BAE4876F-ACFF-4666-92E1-A1E071D5591F} = {D540F577-4E98-4805-AA1A-2E58C4D38792}
		{9036A035-A5CC-430B-89E4-1597D0EFFE8C} = {BAE4876F-ACFF-4666-92E1-A1E071D5591F}
		{4837C267-2D42-48D0-8DB3-672D3F89F2F1} = {D540F577-4E98-4805-AA1A-2E58C4D38792}
		{562B43E9-23BF-4705-9B9C-529E15898D13} = {4837C267-2D42-48D0-8DB3-672D3F89F2F1}
		{9C34AD45-0218-4DB4-B239-A9D677644037} = {4837C267-2D42-48D0-8DB3-672D3F89F2F1}
		{2DC9F52E-10AE-4157-8B39-C410AC721220} = {9C34AD45-0218-4DB4-B239-A9D677644037}
		{003D6563-3688-483A-9551-A5A1526E2633} = {A092C86E-44C1-45D1-B0AF-D4D763ED7EDF}
		{60EEA647-AF1A-4080-BADC-65086A332E69} = {91FE65D8-A58C-4EFB-AF50-7822AB009F61}
		{B628768B-4205-4769-99EF-96BAAFEFCBB7} = {91FE65D8-A58C-4EFB-AF50-7822AB009F61}
		{13ABB68B-C3B4-40E2-9350-BC202F4F2729} = {B628768B-4205-4769-99EF-96BAAFEFCBB7}
	EndGlobalSection
EndGlobal
